dependencies:
- name: common
  repository: http://localhost:8879/charts
  version: 0.1.0
- name: memcached
  repository: http://localhost:8879/charts
  version: 0.1.0
- name: rabbitmq
  repository: http://localhost:8879/charts
  version: 0.1.0
- name: mariadb
  repository: http://localhost:8879/charts
  version: 0.1.0
- name: keystone
  repository: http://localhost:8879/charts
  version: 0.1.0
digest: sha256:e92d6b6811d65492a95e4db258d516bfd7dd540108bb3d0e92e7dabc13ae2bbf
generated: 2016-11-29T11:31:33.541933538-08:00
