dependencies:
- name: openstack-base
  repository: http://localhost:8879/charts
  version: 0.1.0
- name: memcached
  repository: http://localhost:8879/charts
  version: 0.1.0
- name: rabbitmq
  repository: http://localhost:8879/charts
  version: 0.1.0
- name: mariadb
  repository: http://localhost:8879/charts
  version: 0.1.0
- name: keystone
  repository: http://localhost:8879/charts
  version: 0.1.0
digest: sha256:cbe0cda88c1f8f7daf37f58e8d38c913478630687b22f8e622950c08cb2fdc6d
generated: 2016-11-25T15:34:47.932395616-08:00
